
Microsoft Visual Studio Solution File, Format Version 12.00
# Visual Studio Version 16
VisualStudioVersion = 16.0.29613.14
MinimumVisualStudioVersion = 10.0.40219.1
Project("{9A19103F-16F7-4668-BE54-9A1E7A4F7556}") = "FastCore", "FastCore.csproj", "{788B831A-72A4-4DC2-BBF2-CCCFBCA7332E}"
EndProject
Project("{9A19103F-16F7-4668-BE54-9A1E7A4F7556}") = "Test", "..\Test\Test.csproj", "{6549CDC7-E382-4B2C-9871-E800E4E4417F}"
EndProject
Project("{2150E333-8FDC-42A3-9474-1A3956D46DE8}") = "Solution Items", "Solution Items", "{8952DD36-0A3F-4663-888B-746FF9C02757}"
	ProjectSection(SolutionItems) = preProject
		.editorconfig = .editorconfig
	EndProjectSection
EndProject
Global
	GlobalSection(SolutionConfigurationPlatforms) = preSolution
		Debug|Any CPU = Debug|Any CPU
		Release|Any CPU = Release|Any CPU
	EndGlobalSection
	GlobalSection(ProjectConfigurationPlatforms) = postSolution
		{788B831A-72A4-4DC2-BBF2-CCCFBCA7332E}.Debug|Any CPU.ActiveCfg = Debug|Any CPU
		{788B831A-72A4-4DC2-BBF2-CCCFBCA7332E}.Debug|Any CPU.Build.0 = Debug|Any CPU
		{788B831A-72A4-4DC2-BBF2-CCCFBCA7332E}.Release|Any CPU.ActiveCfg = Release|Any CPU
		{788B831A-72A4-4DC2-BBF2-CCCFBCA7332E}.Release|Any CPU.Build.0 = Release|Any CPU
		{6549CDC7-E382-4B2C-9871-E800E4E4417F}.Debug|Any CPU.ActiveCfg = Debug|Any CPU
		{6549CDC7-E382-4B2C-9871-E800E4E4417F}.Debug|Any CPU.Build.0 = Debug|Any CPU
		{6549CDC7-E382-4B2C-9871-E800E4E4417F}.Release|Any CPU.ActiveCfg = Release|Any CPU
		{6549CDC7-E382-4B2C-9871-E800E4E4417F}.Release|Any CPU.Build.0 = Release|Any CPU
	EndGlobalSection
	GlobalSection(SolutionProperties) = preSolution
		HideSolutionNode = FALSE
	EndGlobalSection
	GlobalSection(ExtensibilityGlobals) = postSolution
		SolutionGuid = {F044D190-7A57-4013-82E0-E85DCBB319B1}
	EndGlobalSection
EndGlobal
